# This file is autogenerated, do not edit; changes may be undone by the next 'dep ensure'.


[[projects]]
  branch = "master"
  digest = "1:36d66002fa49106e146347331cff0523bda7d2f4f029f1086e580608b4534a3b"
  name = "github.com/pquerna/ffjson"
  packages = [
    ".",
    "fflib/v1",
    "fflib/v1/internal",
    "generator",
    "inception",
    "shared",
  ]
  pruneopts = "UT"
  revision = "e517b90714f7c0eabe6d2e570a5886ae077d6db6"

[solve-meta]
  analyzer-name = "dep"
  analyzer-version = 1
  input-imports = ["github.com/pquerna/ffjson"]
  solver-name = "gps-cdcl"
  solver-version = 1
